
Microsoft Visual Studio Solution File, Format Version 12.00
# Visual Studio Version 16
VisualStudioVersion = 16.0.808.0
MinimumVisualStudioVersion = 10.0.40219.1
Project("{FAE04EC0-301F-11D3-BF4B-00C04F79EFBC}") = "Sahaj.Wiki", "Sahaj.Wiki\Sahaj.Wiki.csproj", "{64981DDF-2CDC-455A-B9DA-F89A6CEB1D9F}"
EndProject
Project("{FAE04EC0-301F-11D3-BF4B-00C04F79EFBC}") = "Sahaj.Wiki.Test", "Sahaj.Wiki.Test\Sahaj.Wiki.Test.csproj", "{ACD9DD31-6016-41D7-87B8-0476675A0A16}"
EndProject
Global
	GlobalSection(SolutionConfigurationPlatforms) = preSolution
		Debug|Any CPU = Debug|Any CPU
		Release|Any CPU = Release|Any CPU
	EndGlobalSection
	GlobalSection(ProjectConfigurationPlatforms) = postSolution
		{64981DDF-2CDC-455A-B9DA-F89A6CEB1D9F}.Debug|Any CPU.ActiveCfg = Debug|Any CPU
		{64981DDF-2CDC-455A-B9DA-F89A6CEB1D9F}.Debug|Any CPU.Build.0 = Debug|Any CPU
		{64981DDF-2CDC-455A-B9DA-F89A6CEB1D9F}.Release|Any CPU.ActiveCfg = Release|Any CPU
		{64981DDF-2CDC-455A-B9DA-F89A6CEB1D9F}.Release|Any CPU.Build.0 = Release|Any CPU
		{ACD9DD31-6016-41D7-87B8-0476675A0A16}.Debug|Any CPU.ActiveCfg = Debug|Any CPU
		{ACD9DD31-6016-41D7-87B8-0476675A0A16}.Debug|Any CPU.Build.0 = Debug|Any CPU
		{ACD9DD31-6016-41D7-87B8-0476675A0A16}.Release|Any CPU.ActiveCfg = Release|Any CPU
		{ACD9DD31-6016-41D7-87B8-0476675A0A16}.Release|Any CPU.Build.0 = Release|Any CPU
	EndGlobalSection
	GlobalSection(SolutionProperties) = preSolution
		HideSolutionNode = FALSE
	EndGlobalSection
	GlobalSection(ExtensibilityGlobals) = postSolution
		SolutionGuid = {8A58A4D4-5FD0-483E-9590-E5680974EE62}
	EndGlobalSection
EndGlobal
